// !$*UTF8*$!
{
	archiveVersion = 1;
	classes = {
	};
	objectVersion = 50;
	objects = {

/* Begin PBXBuildFile section */
		E5CA77FB28A3FA2900A88AE4 /* AppDelegate.swift in Sources */ = {isa = PBXBuildFile; fileRef = E5CA77FA28A3FA2900A88AE4 /* AppDelegate.swift */; };
		E5CA780528A3FA2900A88AE4 /* FinalSurfEducation.xcdatamodeld in Sources */ = {isa = PBXBuildFile; fileRef = E5CA780328A3FA2900A88AE4 /* FinalSurfEducation.xcdatamodeld */; };
		E5CA780728A3FA2B00A88AE4 /* Assets.xcassets in Resources */ = {isa = PBXBuildFile; fileRef = E5CA780628A3FA2B00A88AE4 /* Assets.xcassets */; };
		E5CA780A28A3FA2B00A88AE4 /* LaunchScreen.storyboard in Resources */ = {isa = PBXBuildFile; fileRef = E5CA780828A3FA2B00A88AE4 /* LaunchScreen.storyboard */; };
		E5CA781628A40CB400A88AE4 /* MainViewController.swift in Sources */ = {isa = PBXBuildFile; fileRef = E5CA781428A40CB400A88AE4 /* MainViewController.swift */; };
		E5CA781728A40CB400A88AE4 /* MainViewController.xib in Resources */ = {isa = PBXBuildFile; fileRef = E5CA781528A40CB400A88AE4 /* MainViewController.xib */; };
		E5CA781B28A4113A00A88AE4 /* ProfileViewController.swift in Sources */ = {isa = PBXBuildFile; fileRef = E5CA781928A4113A00A88AE4 /* ProfileViewController.swift */; };
		E5CA781C28A4113A00A88AE4 /* ProfileViewController.xib in Resources */ = {isa = PBXBuildFile; fileRef = E5CA781A28A4113A00A88AE4 /* ProfileViewController.xib */; };
		E5CA782628A4699B00A88AE4 /* FavoriteViewController.swift in Sources */ = {isa = PBXBuildFile; fileRef = E5CA782428A4699B00A88AE4 /* FavoriteViewController.swift */; };
		E5CA782728A4699B00A88AE4 /* FavoriteViewController.xib in Resources */ = {isa = PBXBuildFile; fileRef = E5CA782528A4699B00A88AE4 /* FavoriteViewController.xib */; };
		E5CA782E28A46B1300A88AE4 /* TabBarModel.swift in Sources */ = {isa = PBXBuildFile; fileRef = E5CA782D28A46B1300A88AE4 /* TabBarModel.swift */; };
		E5CA783128A46DF500A88AE4 /* TabBarConfigurator.swift in Sources */ = {isa = PBXBuildFile; fileRef = E5CA783028A46DF500A88AE4 /* TabBarConfigurator.swift */; };
/* End PBXBuildFile section */

/* Begin PBXFileReference section */
		E5CA77F728A3FA2900A88AE4 /* FinalSurfEducation.app */ = {isa = PBXFileReference; explicitFileType = wrapper.application; includeInIndex = 0; path = FinalSurfEducation.app; sourceTree = BUILT_PRODUCTS_DIR; };
		E5CA77FA28A3FA2900A88AE4 /* AppDelegate.swift */ = {isa = PBXFileReference; lastKnownFileType = sourcecode.swift; path = AppDelegate.swift; sourceTree = "<group>"; };
		E5CA780428A3FA2900A88AE4 /* FinalSurfEducation.xcdatamodel */ = {isa = PBXFileReference; lastKnownFileType = wrapper.xcdatamodel; path = FinalSurfEducation.xcdatamodel; sourceTree = "<group>"; };
		E5CA780628A3FA2B00A88AE4 /* Assets.xcassets */ = {isa = PBXFileReference; lastKnownFileType = folder.assetcatalog; path = Assets.xcassets; sourceTree = "<group>"; };
		E5CA780928A3FA2B00A88AE4 /* Base */ = {isa = PBXFileReference; lastKnownFileType = file.storyboard; name = Base; path = Base.lproj/LaunchScreen.storyboard; sourceTree = "<group>"; };
		E5CA780B28A3FA2B00A88AE4 /* Info.plist */ = {isa = PBXFileReference; lastKnownFileType = text.plist.xml; path = Info.plist; sourceTree = "<group>"; };
		E5CA781428A40CB400A88AE4 /* MainViewController.swift */ = {isa = PBXFileReference; lastKnownFileType = sourcecode.swift; path = MainViewController.swift; sourceTree = "<group>"; };
		E5CA781528A40CB400A88AE4 /* MainViewController.xib */ = {isa = PBXFileReference; lastKnownFileType = file.xib; path = MainViewController.xib; sourceTree = "<group>"; };
		E5CA781928A4113A00A88AE4 /* ProfileViewController.swift */ = {isa = PBXFileReference; lastKnownFileType = sourcecode.swift; path = ProfileViewController.swift; sourceTree = "<group>"; };
		E5CA781A28A4113A00A88AE4 /* ProfileViewController.xib */ = {isa = PBXFileReference; lastKnownFileType = file.xib; path = ProfileViewController.xib; sourceTree = "<group>"; };
		E5CA782428A4699B00A88AE4 /* FavoriteViewController.swift */ = {isa = PBXFileReference; lastKnownFileType = sourcecode.swift; path = FavoriteViewController.swift; sourceTree = "<group>"; };
		E5CA782528A4699B00A88AE4 /* FavoriteViewController.xib */ = {isa = PBXFileReference; lastKnownFileType = file.xib; path = FavoriteViewController.xib; sourceTree = "<group>"; };
		E5CA782D28A46B1300A88AE4 /* TabBarModel.swift */ = {isa = PBXFileReference; lastKnownFileType = sourcecode.swift; path = TabBarModel.swift; sourceTree = "<group>"; };
		E5CA783028A46DF500A88AE4 /* TabBarConfigurator.swift */ = {isa = PBXFileReference; lastKnownFileType = sourcecode.swift; path = TabBarConfigurator.swift; sourceTree = "<group>"; };
/* End PBXFileReference section */

/* Begin PBXFrameworksBuildPhase section */
		E5CA77F428A3FA2900A88AE4 /* Frameworks */ = {
			isa = PBXFrameworksBuildPhase;
			buildActionMask = 2147483647;
			files = (
			);
			runOnlyForDeploymentPostprocessing = 0;
		};
/* End PBXFrameworksBuildPhase section */

/* Begin PBXGroup section */
		E5CA77EE28A3FA2900A88AE4 = {
			isa = PBXGroup;
			children = (
				E5CA77F928A3FA2900A88AE4 /* FinalSurfEducation */,
				E5CA77F828A3FA2900A88AE4 /* Products */,
			);
			sourceTree = "<group>";
		};
		E5CA77F828A3FA2900A88AE4 /* Products */ = {
			isa = PBXGroup;
			children = (
				E5CA77F728A3FA2900A88AE4 /* FinalSurfEducation.app */,
			);
			name = Products;
			sourceTree = "<group>";
		};
		E5CA77F928A3FA2900A88AE4 /* FinalSurfEducation */ = {
			isa = PBXGroup;
			children = (
				E5CA77FA28A3FA2900A88AE4 /* AppDelegate.swift */,
				E5CA782B28A46A3F00A88AE4 /* Application */,
				E5CA780328A3FA2900A88AE4 /* FinalSurfEducation.xcdatamodeld */,
				E5CA781E28A468CC00A88AE4 /* MainFlow */,
			);
			path = FinalSurfEducation;
			sourceTree = "<group>";
		};
		E5CA781E28A468CC00A88AE4 /* MainFlow */ = {
			isa = PBXGroup;
			children = (
				E5CA782C28A46AA200A88AE4 /* TabBar */,
				E5CA782328A4695F00A88AE4 /* FavoriteModule */,
				E5CA782028A4691A00A88AE4 /* ProfileModule */,
				E5CA781F28A468DA00A88AE4 /* MainModule */,
			);
			path = MainFlow;
			sourceTree = "<group>";
		};
		E5CA781F28A468DA00A88AE4 /* MainModule */ = {
			isa = PBXGroup;
			children = (
				E5CA781428A40CB400A88AE4 /* MainViewController.swift */,
				E5CA781528A40CB400A88AE4 /* MainViewController.xib */,
			);
			path = MainModule;
			sourceTree = "<group>";
		};
		E5CA782028A4691A00A88AE4 /* ProfileModule */ = {
			isa = PBXGroup;
			children = (
				E5CA781928A4113A00A88AE4 /* ProfileViewController.swift */,
				E5CA781A28A4113A00A88AE4 /* ProfileViewController.xib */,
			);
			path = ProfileModule;
			sourceTree = "<group>";
		};
		E5CA782328A4695F00A88AE4 /* FavoriteModule */ = {
			isa = PBXGroup;
			children = (
				E5CA782428A4699B00A88AE4 /* FavoriteViewController.swift */,
				E5CA782528A4699B00A88AE4 /* FavoriteViewController.xib */,
			);
			path = FavoriteModule;
			sourceTree = "<group>";
		};
		E5CA782B28A46A3F00A88AE4 /* Application */ = {
			isa = PBXGroup;
			children = (
				E5CA780B28A3FA2B00A88AE4 /* Info.plist */,
				E5CA780828A3FA2B00A88AE4 /* LaunchScreen.storyboard */,
				E5CA780628A3FA2B00A88AE4 /* Assets.xcassets */,
			);
			path = Application;
			sourceTree = "<group>";
		};
		E5CA782C28A46AA200A88AE4 /* TabBar */ = {
			isa = PBXGroup;
			children = (
				E5CA782D28A46B1300A88AE4 /* TabBarModel.swift */,
				E5CA783028A46DF500A88AE4 /* TabBarConfigurator.swift */,
			);
			path = TabBar;
			sourceTree = "<group>";
		};
/* End PBXGroup section */

/* Begin PBXNativeTarget section */
		E5CA77F628A3FA2900A88AE4 /* FinalSurfEducation */ = {
			isa = PBXNativeTarget;
			buildConfigurationList = E5CA780E28A3FA2B00A88AE4 /* Build configuration list for PBXNativeTarget "FinalSurfEducation" */;
			buildPhases = (
				E5CA77F328A3FA2900A88AE4 /* Sources */,
				E5CA77F428A3FA2900A88AE4 /* Frameworks */,
				E5CA77F528A3FA2900A88AE4 /* Resources */,
			);
			buildRules = (
			);
			dependencies = (
			);
			name = FinalSurfEducation;
			productName = FinalSurfEducation;
			productReference = E5CA77F728A3FA2900A88AE4 /* FinalSurfEducation.app */;
			productType = "com.apple.product-type.application";
		};
/* End PBXNativeTarget section */

/* Begin PBXProject section */
		E5CA77EF28A3FA2900A88AE4 /* Project object */ = {
			isa = PBXProject;
			attributes = {
				LastSwiftUpdateCheck = 1240;
				LastUpgradeCheck = 1240;
				TargetAttributes = {
					E5CA77F628A3FA2900A88AE4 = {
						CreatedOnToolsVersion = 12.4;
					};
				};
			};
			buildConfigurationList = E5CA77F228A3FA2900A88AE4 /* Build configuration list for PBXProject "FinalSurfEducation" */;
			compatibilityVersion = "Xcode 9.3";
			developmentRegion = en;
			hasScannedForEncodings = 0;
			knownRegions = (
				en,
				Base,
			);
			mainGroup = E5CA77EE28A3FA2900A88AE4;
			productRefGroup = E5CA77F828A3FA2900A88AE4 /* Products */;
			projectDirPath = "";
			projectRoot = "";
			targets = (
				E5CA77F628A3FA2900A88AE4 /* FinalSurfEducation */,
			);
		};
/* End PBXProject section */

/* Begin PBXResourcesBuildPhase section */
		E5CA77F528A3FA2900A88AE4 /* Resources */ = {
			isa = PBXResourcesBuildPhase;
			buildActionMask = 2147483647;
			files = (
				E5CA780A28A3FA2B00A88AE4 /* LaunchScreen.storyboard in Resources */,
				E5CA780728A3FA2B00A88AE4 /* Assets.xcassets in Resources */,
				E5CA782728A4699B00A88AE4 /* FavoriteViewController.xib in Resources */,
				E5CA781C28A4113A00A88AE4 /* ProfileViewController.xib in Resources */,
				E5CA781728A40CB400A88AE4 /* MainViewController.xib in Resources */,
			);
			runOnlyForDeploymentPostprocessing = 0;
		};
/* End PBXResourcesBuildPhase section */

/* Begin PBXSourcesBuildPhase section */
		E5CA77F328A3FA2900A88AE4 /* Sources */ = {
			isa = PBXSourcesBuildPhase;
			buildActionMask = 2147483647;
			files = (
				E5CA780528A3FA2900A88AE4 /* FinalSurfEducation.xcdatamodeld in Sources */,
				E5CA781B28A4113A00A88AE4 /* ProfileViewController.swift in Sources */,
				E5CA77FB28A3FA2900A88AE4 /* AppDelegate.swift in Sources */,
				E5CA782E28A46B1300A88AE4 /* TabBarModel.swift in Sources */,
				E5CA783128A46DF500A88AE4 /* TabBarConfigurator.swift in Sources */,
				E5CA782628A4699B00A88AE4 /* FavoriteViewController.swift in Sources */,
				E5CA781628A40CB400A88AE4 /* MainViewController.swift in Sources */,
			);
			runOnlyForDeploymentPostprocessing = 0;
		};
/* End PBXSourcesBuildPhase section */

/* Begin PBXVariantGroup section */
		E5CA780828A3FA2B00A88AE4 /* LaunchScreen.storyboard */ = {
			isa = PBXVariantGroup;
			children = (
				E5CA780928A3FA2B00A88AE4 /* Base */,
			);
			name = LaunchScreen.storyboard;
			sourceTree = "<group>";
		};
/* End PBXVariantGroup section */

/* Begin XCBuildConfiguration section */
		E5CA780C28A3FA2B00A88AE4 /* Debug */ = {
			isa = XCBuildConfiguration;
			buildSettings = {
				ALWAYS_SEARCH_USER_PATHS = NO;
				CLANG_ANALYZER_NONNULL = YES;
				CLANG_ANALYZER_NUMBER_OBJECT_CONVERSION = YES_AGGRESSIVE;
				CLANG_CXX_LANGUAGE_STANDARD = "gnu++14";
				CLANG_CXX_LIBRARY = "libc++";
				CLANG_ENABLE_MODULES = YES;
				CLANG_ENABLE_OBJC_ARC = YES;
				CLANG_ENABLE_OBJC_WEAK = YES;
				CLANG_WARN_BLOCK_CAPTURE_AUTORELEASING = YES;
				CLANG_WARN_BOOL_CONVERSION = YES;
				CLANG_WARN_COMMA = YES;
				CLANG_WARN_CONSTANT_CONVERSION = YES;
				CLANG_WARN_DEPRECATED_OBJC_IMPLEMENTATIONS = YES;
				CLANG_WARN_DIRECT_OBJC_ISA_USAGE = YES_ERROR;
				CLANG_WARN_DOCUMENTATION_COMMENTS = YES;
				CLANG_WARN_EMPTY_BODY = YES;
				CLANG_WARN_ENUM_CONVERSION = YES;
				CLANG_WARN_INFINITE_RECURSION = YES;
				CLANG_WARN_INT_CONVERSION = YES;
				CLANG_WARN_NON_LITERAL_NULL_CONVERSION = YES;
				CLANG_WARN_OBJC_IMPLICIT_RETAIN_SELF = YES;
				CLANG_WARN_OBJC_LITERAL_CONVERSION = YES;
				CLANG_WARN_OBJC_ROOT_CLASS = YES_ERROR;
				CLANG_WARN_QUOTED_INCLUDE_IN_FRAMEWORK_HEADER = YES;
				CLANG_WARN_RANGE_LOOP_ANALYSIS = YES;
				CLANG_WARN_STRICT_PROTOTYPES = YES;
				CLANG_WARN_SUSPICIOUS_MOVE = YES;
				CLANG_WARN_UNGUARDED_AVAILABILITY = YES_AGGRESSIVE;
				CLANG_WARN_UNREACHABLE_CODE = YES;
				CLANG_WARN__DUPLICATE_METHOD_MATCH = YES;
				COPY_PHASE_STRIP = NO;
				DEBUG_INFORMATION_FORMAT = dwarf;
				ENABLE_STRICT_OBJC_MSGSEND = YES;
				ENABLE_TESTABILITY = YES;
				GCC_C_LANGUAGE_STANDARD = gnu11;
				GCC_DYNAMIC_NO_PIC = NO;
				GCC_NO_COMMON_BLOCKS = YES;
				GCC_OPTIMIZATION_LEVEL = 0;
				GCC_PREPROCESSOR_DEFINITIONS = (
					"DEBUG=1",
					"$(inherited)",
				);
				GCC_WARN_64_TO_32_BIT_CONVERSION = YES;
				GCC_WARN_ABOUT_RETURN_TYPE = YES_ERROR;
				GCC_WARN_UNDECLARED_SELECTOR = YES;
				GCC_WARN_UNINITIALIZED_AUTOS = YES_AGGRESSIVE;
				GCC_WARN_UNUSED_FUNCTION = YES;
				GCC_WARN_UNUSED_VARIABLE = YES;
				IPHONEOS_DEPLOYMENT_TARGET = 14.4;
				MTL_ENABLE_DEBUG_INFO = INCLUDE_SOURCE;
				MTL_FAST_MATH = YES;
				ONLY_ACTIVE_ARCH = YES;
				SDKROOT = iphoneos;
				SWIFT_ACTIVE_COMPILATION_CONDITIONS = DEBUG;
				SWIFT_OPTIMIZATION_LEVEL = "-Onone";
			};
			name = Debug;
		};
		E5CA780D28A3FA2B00A88AE4 /* Release */ = {
			isa = XCBuildConfiguration;
			buildSettings = {
				ALWAYS_SEARCH_USER_PATHS = NO;
				CLANG_ANALYZER_NONNULL = YES;
				CLANG_ANALYZER_NUMBER_OBJECT_CONVERSION = YES_AGGRESSIVE;
				CLANG_CXX_LANGUAGE_STANDARD = "gnu++14";
				CLANG_CXX_LIBRARY = "libc++";
				CLANG_ENABLE_MODULES = YES;
				CLANG_ENABLE_OBJC_ARC = YES;
				CLANG_ENABLE_OBJC_WEAK = YES;
				CLANG_WARN_BLOCK_CAPTURE_AUTORELEASING = YES;
				CLANG_WARN_BOOL_CONVERSION = YES;
				CLANG_WARN_COMMA = YES;
				CLANG_WARN_CONSTANT_CONVERSION = YES;
				CLANG_WARN_DEPRECATED_OBJC_IMPLEMENTATIONS = YES;
				CLANG_WARN_DIRECT_OBJC_ISA_USAGE = YES_ERROR;
				CLANG_WARN_DOCUMENTATION_COMMENTS = YES;
				CLANG_WARN_EMPTY_BODY = YES;
				CLANG_WARN_ENUM_CONVERSION = YES;
				CLANG_WARN_INFINITE_RECURSION = YES;
				CLANG_WARN_INT_CONVERSION = YES;
				CLANG_WARN_NON_LITERAL_NULL_CONVERSION = YES;
				CLANG_WARN_OBJC_IMPLICIT_RETAIN_SELF = YES;
				CLANG_WARN_OBJC_LITERAL_CONVERSION = YES;
				CLANG_WARN_OBJC_ROOT_CLASS = YES_ERROR;
				CLANG_WARN_QUOTED_INCLUDE_IN_FRAMEWORK_HEADER = YES;
				CLANG_WARN_RANGE_LOOP_ANALYSIS = YES;
				CLANG_WARN_STRICT_PROTOTYPES = YES;
				CLANG_WARN_SUSPICIOUS_MOVE = YES;
				CLANG_WARN_UNGUARDED_AVAILABILITY = YES_AGGRESSIVE;
				CLANG_WARN_UNREACHABLE_CODE = YES;
				CLANG_WARN__DUPLICATE_METHOD_MATCH = YES;
				COPY_PHASE_STRIP = NO;
				DEBUG_INFORMATION_FORMAT = "dwarf-with-dsym";
				ENABLE_NS_ASSERTIONS = NO;
				ENABLE_STRICT_OBJC_MSGSEND = YES;
				GCC_C_LANGUAGE_STANDARD = gnu11;
				GCC_NO_COMMON_BLOCKS = YES;
				GCC_WARN_64_TO_32_BIT_CONVERSION = YES;
				GCC_WARN_ABOUT_RETURN_TYPE = YES_ERROR;
				GCC_WARN_UNDECLARED_SELECTOR = YES;
				GCC_WARN_UNINITIALIZED_AUTOS = YES_AGGRESSIVE;
				GCC_WARN_UNUSED_FUNCTION = YES;
				GCC_WARN_UNUSED_VARIABLE = YES;
				IPHONEOS_DEPLOYMENT_TARGET = 14.4;
				MTL_ENABLE_DEBUG_INFO = NO;
				MTL_FAST_MATH = YES;
				SDKROOT = iphoneos;
				SWIFT_COMPILATION_MODE = wholemodule;
				SWIFT_OPTIMIZATION_LEVEL = "-O";
				VALIDATE_PRODUCT = YES;
			};
			name = Release;
		};
		E5CA780F28A3FA2B00A88AE4 /* Debug */ = {
			isa = XCBuildConfiguration;
			buildSettings = {
				ASSETCATALOG_COMPILER_APPICON_NAME = AppIcon;
				ASSETCATALOG_COMPILER_GLOBAL_ACCENT_COLOR_NAME = AccentColor;
				CODE_SIGN_STYLE = Automatic;
				INFOPLIST_FILE = FinalSurfEducation/Application/Info.plist;
				LD_RUNPATH_SEARCH_PATHS = (
					"$(inherited)",
					"@executable_path/Frameworks",
				);
				PRODUCT_BUNDLE_IDENTIFIER = co.BigApps.FinalSurfEducation;
				PRODUCT_NAME = "$(TARGET_NAME)";
				SWIFT_VERSION = 5.0;
				TARGETED_DEVICE_FAMILY = 1;
			};
			name = Debug;
		};
		E5CA781028A3FA2B00A88AE4 /* Release */ = {
			isa = XCBuildConfiguration;
			buildSettings = {
				ASSETCATALOG_COMPILER_APPICON_NAME = AppIcon;
				ASSETCATALOG_COMPILER_GLOBAL_ACCENT_COLOR_NAME = AccentColor;
				CODE_SIGN_STYLE = Automatic;
				INFOPLIST_FILE = FinalSurfEducation/Application/Info.plist;
				LD_RUNPATH_SEARCH_PATHS = (
					"$(inherited)",
					"@executable_path/Frameworks",
				);
				PRODUCT_BUNDLE_IDENTIFIER = co.BigApps.FinalSurfEducation;
				PRODUCT_NAME = "$(TARGET_NAME)";
				SWIFT_VERSION = 5.0;
				TARGETED_DEVICE_FAMILY = 1;
			};
			name = Release;
		};
/* End XCBuildConfiguration section */

/* Begin XCConfigurationList section */
		E5CA77F228A3FA2900A88AE4 /* Build configuration list for PBXProject "FinalSurfEducation" */ = {
			isa = XCConfigurationList;
			buildConfigurations = (
				E5CA780C28A3FA2B00A88AE4 /* Debug */,
				E5CA780D28A3FA2B00A88AE4 /* Release */,
			);
			defaultConfigurationIsVisible = 0;
			defaultConfigurationName = Release;
		};
		E5CA780E28A3FA2B00A88AE4 /* Build configuration list for PBXNativeTarget "FinalSurfEducation" */ = {
			isa = XCConfigurationList;
			buildConfigurations = (
				E5CA780F28A3FA2B00A88AE4 /* Debug */,
				E5CA781028A3FA2B00A88AE4 /* Release */,
			);
			defaultConfigurationIsVisible = 0;
			defaultConfigurationName = Release;
		};
/* End XCConfigurationList section */

/* Begin XCVersionGroup section */
		E5CA780328A3FA2900A88AE4 /* FinalSurfEducation.xcdatamodeld */ = {
			isa = XCVersionGroup;
			children = (
				E5CA780428A3FA2900A88AE4 /* FinalSurfEducation.xcdatamodel */,
			);
			currentVersion = E5CA780428A3FA2900A88AE4 /* FinalSurfEducation.xcdatamodel */;
			path = FinalSurfEducation.xcdatamodeld;
			sourceTree = "<group>";
			versionGroupType = wrapper.xcdatamodel;
		};
/* End XCVersionGroup section */
	};
	rootObject = E5CA77EF28A3FA2900A88AE4 /* Project object */;
}
